
Microsoft Visual Studio Solution File, Format Version 12.00
# Visual Studio Version 16
VisualStudioVersion = 16.0.32510.428
MinimumVisualStudioVersion = 10.0.40219.1
Project("{FAE04EC0-301F-11D3-BF4B-00C04F79EFBC}") = "proyect2_DiegoUmanaAdmin", "proyect2_DiegoUmanaAdmin\proyect2_DiegoUmanaAdmin.csproj", "{549A2D6C-D2CC-4C9C-81E8-FC8CEB7BB09A}"
EndProject
Project("{FAE04EC0-301F-11D3-BF4B-00C04F79EFBC}") = "CapaNegocio", "CapaNegocio\CapaNegocio.csproj", "{A5128D3B-AD36-4255-847B-1704A6766583}"
EndProject
Project("{FAE04EC0-301F-11D3-BF4B-00C04F79EFBC}") = "CapaDatos", "CapaDatos\CapaDatos.csproj", "{00048544-92D5-46C7-8BAC-FD53368E8C3E}"
EndProject
Global
	GlobalSection(SolutionConfigurationPlatforms) = preSolution
		Debug|Any CPU = Debug|Any CPU
		Release|Any CPU = Release|Any CPU
	EndGlobalSection
	GlobalSection(ProjectConfigurationPlatforms) = postSolution
		{549A2D6C-D2CC-4C9C-81E8-FC8CEB7BB09A}.Debug|Any CPU.ActiveCfg = Debug|Any CPU
		{549A2D6C-D2CC-4C9C-81E8-FC8CEB7BB09A}.Debug|Any CPU.Build.0 = Debug|Any CPU
		{549A2D6C-D2CC-4C9C-81E8-FC8CEB7BB09A}.Release|Any CPU.ActiveCfg = Release|Any CPU
		{549A2D6C-D2CC-4C9C-81E8-FC8CEB7BB09A}.Release|Any CPU.Build.0 = Release|Any CPU
		{A5128D3B-AD36-4255-847B-1704A6766583}.Debug|Any CPU.ActiveCfg = Debug|Any CPU
		{A5128D3B-AD36-4255-847B-1704A6766583}.Debug|Any CPU.Build.0 = Debug|Any CPU
		{A5128D3B-AD36-4255-847B-1704A6766583}.Release|Any CPU.ActiveCfg = Release|Any CPU
		{A5128D3B-AD36-4255-847B-1704A6766583}.Release|Any CPU.Build.0 = Release|Any CPU
		{00048544-92D5-46C7-8BAC-FD53368E8C3E}.Debug|Any CPU.ActiveCfg = Debug|Any CPU
		{00048544-92D5-46C7-8BAC-FD53368E8C3E}.Debug|Any CPU.Build.0 = Debug|Any CPU
		{00048544-92D5-46C7-8BAC-FD53368E8C3E}.Release|Any CPU.ActiveCfg = Release|Any CPU
		{00048544-92D5-46C7-8BAC-FD53368E8C3E}.Release|Any CPU.Build.0 = Release|Any CPU
	EndGlobalSection
	GlobalSection(SolutionProperties) = preSolution
		HideSolutionNode = FALSE
	EndGlobalSection
	GlobalSection(ExtensibilityGlobals) = postSolution
		SolutionGuid = {95ACD81F-0E1A-4A95-947F-D2562CC563B4}
	EndGlobalSection
EndGlobal
